Microsoft Visual Studio Solution File, Format Version 12.00
# Visual Studio 2013
VisualStudioVersion = 12.0.31101.0
MinimumVisualStudioVersion = 10.0.40219.1
Project("{8BC9CEB8-8B4A-11D0-8D11-00A0C91BC942}") = "FlappyLuna", "FlappyLuna\FlappyLuna.vcxproj", "{0EC639EF-F218-476D-8869-663E9F65B794}"
EndProject
Project("{8BC9CEB8-8B4A-11D0-8D11-00A0C91BC942}") = "luna2d Update", "luna2d Update\luna2d Update.vcxproj", "{102F89A5-8580-4A8F-84D3-941E8945DF88}"
EndProject
Global
	GlobalSection(SolutionConfigurationPlatforms) = preSolution
		Release|ARM = Release|ARM
		Debug|ARM = Debug|ARM
	EndGlobalSection
	GlobalSection(ProjectConfigurationPlatforms) = postSolution
		{0EC639EF-F218-476D-8869-663E9F65B794}.Debug|ARM.ActiveCfg = Debug|ARM
		{0EC639EF-F218-476D-8869-663E9F65B794}.Debug|ARM.Build.0 = Debug|ARM
		{0EC639EF-F218-476D-8869-663E9F65B794}.Debug|ARM.Deploy.0 = Debug|ARM
		{0EC639EF-F218-476D-8869-663E9F65B794}.Debug|Mixed Platforms.ActiveCfg = Debug|Win32
		{0EC639EF-F218-476D-8869-663E9F65B794}.Debug|Mixed Platforms.Build.0 = Debug|Win32
		{0EC639EF-F218-476D-8869-663E9F65B794}.Debug|Mixed Platforms.Deploy.0 = Debug|Win32
		{0EC639EF-F218-476D-8869-663E9F65B794}.Debug|Win32.ActiveCfg = Debug|Win32
		{0EC639EF-F218-476D-8869-663E9F65B794}.Debug|Win32.Build.0 = Debug|Win32
		{0EC639EF-F218-476D-8869-663E9F65B794}.Debug|Win32.Deploy.0 = Debug|Win32
		{0EC639EF-F218-476D-8869-663E9F65B794}.Release|ARM.ActiveCfg = Release|ARM
		{0EC639EF-F218-476D-8869-663E9F65B794}.Release|ARM.Build.0 = Release|ARM
		{0EC639EF-F218-476D-8869-663E9F65B794}.Release|ARM.Deploy.0 = Release|ARM
		{0EC639EF-F218-476D-8869-663E9F65B794}.Release|Mixed Platforms.ActiveCfg = Release|Win32
		{0EC639EF-F218-476D-8869-663E9F65B794}.Release|Mixed Platforms.Build.0 = Release|Win32
		{0EC639EF-F218-476D-8869-663E9F65B794}.Release|Mixed Platforms.Deploy.0 = Release|Win32
		{0EC639EF-F218-476D-8869-663E9F65B794}.Release|Win32.ActiveCfg = Release|Win32
		{0EC639EF-F218-476D-8869-663E9F65B794}.Release|Win32.Build.0 = Release|Win32
		{0EC639EF-F218-476D-8869-663E9F65B794}.Release|Win32.Deploy.0 = Release|Win32
		{102F89A5-8580-4A8F-84D3-941E8945DF88}.Debug|ARM.ActiveCfg = Debug|Win32
		{102F89A5-8580-4A8F-84D3-941E8945DF88}.Debug|Mixed Platforms.ActiveCfg = Debug|Win32
		{102F89A5-8580-4A8F-84D3-941E8945DF88}.Debug|Mixed Platforms.Build.0 = Debug|Win32
		{102F89A5-8580-4A8F-84D3-941E8945DF88}.Debug|Win32.ActiveCfg = Debug|Win32
		{102F89A5-8580-4A8F-84D3-941E8945DF88}.Debug|Win32.Build.0 = Debug|Win32
		{102F89A5-8580-4A8F-84D3-941E8945DF88}.Release|ARM.ActiveCfg = Release|Win32
		{102F89A5-8580-4A8F-84D3-941E8945DF88}.Release|ARM.Build.0 = Release|Win32
		{102F89A5-8580-4A8F-84D3-941E8945DF88}.Release|Mixed Platforms.ActiveCfg = Release|Win32
		{102F89A5-8580-4A8F-84D3-941E8945DF88}.Release|Mixed Platforms.Build.0 = Release|Win32
		{102F89A5-8580-4A8F-84D3-941E8945DF88}.Release|Win32.ActiveCfg = Release|Win32
		{102F89A5-8580-4A8F-84D3-941E8945DF88}.Release|Win32.Build.0 = Release|Win32
	EndGlobalSection
	GlobalSection(SolutionProperties) = preSolution
		HideSolutionNode = FALSE
	EndGlobalSection
EndGlobal
