<?xml version="1.0" encoding="utf-8"?>
<Project ToolsVersion="4.0" xmlns="http://schemas.microsoft.com/developer/msbuild/2003">
  <ItemGroup>
    <Filter Include="Assets">
      <UniqueIdentifier>$guid2$</UniqueIdentifier>
      <Extensions>bmp;fbx;gif;jpg;jpeg;tga;tiff;tif;png</Extensions>
    </Filter>
    <Filter Include="Binaries">
      <Extensions>dll;</Extensions>
    </Filter>
    <Filter Include="Assets\game">
      <UniqueIdentifier>{1465e332-50dd-4606-aa37-fa3b72f27f56}</UniqueIdentifier>
    </Filter>
    <Filter Include="Assets\game\art">
      <UniqueIdentifier>{9ee46011-7342-43f9-a0fc-cf6291da1a8e}</UniqueIdentifier>
    </Filter>
    <Filter Include="Assets\game\scripts">
      <UniqueIdentifier>{8f3770ed-32a0-483c-b5d9-3f787113c1b3}</UniqueIdentifier>
    </Filter>
  </ItemGroup>
  <ItemGroup>
    <Image Include="Assets\Logo.scale-240.png">
      <Filter>Assets</Filter>
    </Image>
    <Image Include="Assets\SmallLogo.scale-240.png">
      <Filter>Assets</Filter>
    </Image>
    <Image Include="Assets\SplashScreen.scale-240.png">
      <Filter>Assets</Filter>
    </Image>
    <Image Include="Assets\Square71x71Logo.scale-240.png">
      <Filter>Assets</Filter>
    </Image>
    <Image Include="Assets\StoreLogo.scale-240.png">
      <Filter>Assets</Filter>
    </Image>
    <Image Include="Assets\WideLogo.scale-240.png">
      <Filter>Assets</Filter>
    </Image>
    <Image Include="Assets\game\art\items%40HD.png">
      <Filter>Assets\game\art</Filter>
    </Image>
    <Image Include="Assets\game\art\items%40HVGA.png">
      <Filter>Assets\game\art</Filter>
    </Image>
    <Image Include="Assets\game\art\items%40WVGA.png">
      <Filter>Assets\game\art</Filter>
    </Image>
  </ItemGroup>
  <ItemGroup>
    <AppxManifest Include="Package.appxmanifest" />
  </ItemGroup>
  <ItemGroup>
    <None Include="..\..\..\..\luna2d\thirdparty\angle\prebuilt\wp\win32\libEGL.dll">
      <Filter>Binaries</Filter>
    </None>
    <None Include="..\..\..\..\luna2d\thirdparty\angle\prebuilt\wp\win32\libGLESv2.dll">
      <Filter>Binaries</Filter>
    </None>
    <None Include="..\..\..\..\luna2d\thirdparty\angle\prebuilt\wp\arm\libEGL.dll">
      <Filter>Binaries</Filter>
    </None>
    <None Include="..\..\..\..\luna2d\thirdparty\angle\prebuilt\wp\arm\libGLESv2.dll">
      <Filter>Binaries</Filter>
    </None>
    <None Include="Assets\game\art\items%40HD.atlas">
      <Filter>Assets\game\art</Filter>
    </None>
    <None Include="Assets\game\art\items%40HVGA.atlas">
      <Filter>Assets\game\art</Filter>
    </None>
    <None Include="Assets\game\art\items%40WVGA.atlas">
      <Filter>Assets\game\art</Filter>
    </None>
    <None Include="Assets\game\scripts\background.lua">
      <Filter>Assets\game\scripts</Filter>
    </None>
    <None Include="Assets\game\scripts\bird.lua">
      <Filter>Assets\game\scripts</Filter>
    </None>
    <None Include="Assets\game\scripts\gamescene.lua">
      <Filter>Assets\game\scripts</Filter>
    </None>
    <None Include="Assets\game\scripts\main.lua">
      <Filter>Assets\game\scripts</Filter>
    </None>
    <None Include="Assets\game\scripts\settings.lua">
      <Filter>Assets\game\scripts</Filter>
    </None>
    <None Include="Assets\game\scripts\tube.lua">
      <Filter>Assets\game\scripts</Filter>
    </None>
    <None Include="Assets\game\config.luna2d">
      <Filter>Assets\game</Filter>
    </None>
  </ItemGroup>
</Project>