<?xml version="1.0" encoding="utf-8"?>
<Project ToolsVersion="4.0" xmlns="http://schemas.microsoft.com/developer/msbuild/2003">
  <ItemGroup>
    <Filter Include="Assets">
      <UniqueIdentifier>09d0f14a-c673-4f45-b6e1-51b6f009260a</UniqueIdentifier>
      <Extensions>bmp;fbx;gif;jpg;jpeg;tga;tiff;tif;png</Extensions>
    </Filter>
    <Image Include="Assets\Logo.png">
      <Filter>Assets</Filter>
    </Image>
    <Image Include="Assets\SmallLogo.png">
      <Filter>Assets</Filter>
    </Image>
    <Image Include="Assets\StoreLogo.png">
      <Filter>Assets</Filter>
    </Image>
    <Image Include="Assets\SplashScreen.png">
      <Filter>Assets</Filter>
    </Image>
    <Filter Include="Binaries">
      <UniqueIdentifier>{56f8d48a-aeb8-42ba-b64c-9b9cefd1ebd7}</UniqueIdentifier>
    </Filter>
    <Filter Include="Assets\game">
      <UniqueIdentifier>{7cf3a22b-27b2-4bcd-baec-8b2ec0afecbc}</UniqueIdentifier>
    </Filter>
    <Filter Include="Assets\game\art">
      <UniqueIdentifier>{9442bfd8-3420-4bd1-b388-f3359f49573b}</UniqueIdentifier>
    </Filter>
    <Filter Include="Assets\game\scripts">
      <UniqueIdentifier>{842630e7-73a2-4078-b45d-56bd149b99fc}</UniqueIdentifier>
    </Filter>
  </ItemGroup>
  <ItemGroup>
    <AppxManifest Include="Package.appxmanifest" />
  </ItemGroup>
  <ItemGroup>
    <None Include="WpTestApp.Windows_TemporaryKey.pfx" />
    <None Include="..\..\..\..\luna2d\thirdparty\angle\prebuilt\winrt\win32\libEGL.dll">
      <Filter>Binaries</Filter>
    </None>
    <None Include="..\..\..\..\luna2d\thirdparty\angle\prebuilt\winrt\win32\libGLESv2.dll">
      <Filter>Binaries</Filter>
    </None>
    <None Include="..\..\..\..\luna2d\thirdparty\angle\prebuilt\winrt\arm\libEGL.dll">
      <Filter>Binaries</Filter>
    </None>
    <None Include="..\..\..\..\luna2d\thirdparty\angle\prebuilt\winrt\arm\libGLESv2.dll">
      <Filter>Binaries</Filter>
    </None>
    <None Include="Assets\game\art\items%40HD.atlas">
      <Filter>Assets\game\art</Filter>
    </None>
    <None Include="Assets\game\art\items%40HVGA.atlas">
      <Filter>Assets\game\art</Filter>
    </None>
    <None Include="Assets\game\art\items%40WVGA.atlas">
      <Filter>Assets\game\art</Filter>
    </None>
    <None Include="Assets\game\scripts\background.lua">
      <Filter>Assets\game\scripts</Filter>
    </None>
    <None Include="Assets\game\scripts\bird.lua">
      <Filter>Assets\game\scripts</Filter>
    </None>
    <None Include="Assets\game\scripts\gamescene.lua">
      <Filter>Assets\game\scripts</Filter>
    </None>
    <None Include="Assets\game\scripts\main.lua">
      <Filter>Assets\game\scripts</Filter>
    </None>
    <None Include="Assets\game\scripts\settings.lua">
      <Filter>Assets\game\scripts</Filter>
    </None>
    <None Include="Assets\game\scripts\tube.lua">
      <Filter>Assets\game\scripts</Filter>
    </None>
    <None Include="Assets\game\config.luna2d">
      <Filter>Assets\game</Filter>
    </None>
  </ItemGroup>
  <ItemGroup>
    <Image Include="Assets\game\art\items%40HD.png">
      <Filter>Assets\game\art</Filter>
    </Image>
    <Image Include="Assets\game\art\items%40HVGA.png">
      <Filter>Assets\game\art</Filter>
    </Image>
    <Image Include="Assets\game\art\items%40WVGA.png">
      <Filter>Assets\game\art</Filter>
    </Image>
  </ItemGroup>
</Project>